// !$*UTF8*$!
{
	archiveVersion = 1;
	classes = {
	};
	objectVersion = 50;
	objects = {

/* Begin PBXBuildFile section */
		3C1E8739230AF4CB00E09CAC /* ListTableViewCell.swift in Sources */ = {isa = PBXBuildFile; fileRef = 3C1E8738230AF4CB00E09CAC /* ListTableViewCell.swift */; };
		3C59E429230A90790083FF80 /* AppDelegate.swift in Sources */ = {isa = PBXBuildFile; fileRef = 3C59E428230A90790083FF80 /* AppDelegate.swift */; };
		3C59E42E230A90790083FF80 /* Main.storyboard in Resources */ = {isa = PBXBuildFile; fileRef = 3C59E42C230A90790083FF80 /* Main.storyboard */; };
		3C59E430230A907B0083FF80 /* Assets.xcassets in Resources */ = {isa = PBXBuildFile; fileRef = 3C59E42F230A907B0083FF80 /* Assets.xcassets */; };
		3C59E433230A907B0083FF80 /* LaunchScreen.storyboard in Resources */ = {isa = PBXBuildFile; fileRef = 3C59E431230A907B0083FF80 /* LaunchScreen.storyboard */; };
		3C59E43B230AA4DA0083FF80 /* ToDoListViewController.swift in Sources */ = {isa = PBXBuildFile; fileRef = 3C59E43A230AA4DA0083FF80 /* ToDoListViewController.swift */; };
		3C59E43D230AA4F20083FF80 /* AddItemViewController.swift in Sources */ = {isa = PBXBuildFile; fileRef = 3C59E43C230AA4F20083FF80 /* AddItemViewController.swift */; };
/* End PBXBuildFile section */

/* Begin PBXFileReference section */
		3C1E8738230AF4CB00E09CAC /* ListTableViewCell.swift */ = {isa = PBXFileReference; lastKnownFileType = sourcecode.swift; path = ListTableViewCell.swift; sourceTree = "<group>"; };
		3C59E425230A90790083FF80 /* PassValuePractice.app */ = {isa = PBXFileReference; explicitFileType = wrapper.application; includeInIndex = 0; path = PassValuePractice.app; sourceTree = BUILT_PRODUCTS_DIR; };
		3C59E428230A90790083FF80 /* AppDelegate.swift */ = {isa = PBXFileReference; lastKnownFileType = sourcecode.swift; path = AppDelegate.swift; sourceTree = "<group>"; };
		3C59E42D230A90790083FF80 /* Base */ = {isa = PBXFileReference; lastKnownFileType = file.storyboard; name = Base; path = Base.lproj/Main.storyboard; sourceTree = "<group>"; };
		3C59E42F230A907B0083FF80 /* Assets.xcassets */ = {isa = PBXFileReference; lastKnownFileType = folder.assetcatalog; path = Assets.xcassets; sourceTree = "<group>"; };
		3C59E432230A907B0083FF80 /* Base */ = {isa = PBXFileReference; lastKnownFileType = file.storyboard; name = Base; path = Base.lproj/LaunchScreen.storyboard; sourceTree = "<group>"; };
		3C59E434230A907B0083FF80 /* Info.plist */ = {isa = PBXFileReference; lastKnownFileType = text.plist.xml; path = Info.plist; sourceTree = "<group>"; };
		3C59E43A230AA4DA0083FF80 /* ToDoListViewController.swift */ = {isa = PBXFileReference; lastKnownFileType = sourcecode.swift; path = ToDoListViewController.swift; sourceTree = "<group>"; };
		3C59E43C230AA4F20083FF80 /* AddItemViewController.swift */ = {isa = PBXFileReference; lastKnownFileType = sourcecode.swift; path = AddItemViewController.swift; sourceTree = "<group>"; };
/* End PBXFileReference section */

/* Begin PBXFrameworksBuildPhase section */
		3C59E422230A90790083FF80 /* Frameworks */ = {
			isa = PBXFrameworksBuildPhase;
			buildActionMask = 2147483647;
			files = (
			);
			runOnlyForDeploymentPostprocessing = 0;
		};
/* End PBXFrameworksBuildPhase section */

/* Begin PBXGroup section */
		3C1E8737230AF49F00E09CAC /* View */ = {
			isa = PBXGroup;
			children = (
				3C1E8738230AF4CB00E09CAC /* ListTableViewCell.swift */,
			);
			path = View;
			sourceTree = "<group>";
		};
		3C59E41C230A90790083FF80 = {
			isa = PBXGroup;
			children = (
				3C59E427230A90790083FF80 /* PassValuePractice */,
				3C59E426230A90790083FF80 /* Products */,
			);
			sourceTree = "<group>";
		};
		3C59E426230A90790083FF80 /* Products */ = {
			isa = PBXGroup;
			children = (
				3C59E425230A90790083FF80 /* PassValuePractice.app */,
			);
			name = Products;
			sourceTree = "<group>";
		};
		3C59E427230A90790083FF80 /* PassValuePractice */ = {
			isa = PBXGroup;
			children = (
				3C59E428230A90790083FF80 /* AppDelegate.swift */,
				3C1E8737230AF49F00E09CAC /* View */,
				3C59E43E230AA5320083FF80 /* Controller */,
				3C59E42C230A90790083FF80 /* Main.storyboard */,
				3C59E42F230A907B0083FF80 /* Assets.xcassets */,
				3C59E431230A907B0083FF80 /* LaunchScreen.storyboard */,
				3C59E434230A907B0083FF80 /* Info.plist */,
			);
			path = PassValuePractice;
			sourceTree = "<group>";
		};
		3C59E43E230AA5320083FF80 /* Controller */ = {
			isa = PBXGroup;
			children = (
				3C59E43A230AA4DA0083FF80 /* ToDoListViewController.swift */,
				3C59E43C230AA4F20083FF80 /* AddItemViewController.swift */,
			);
			path = Controller;
			sourceTree = "<group>";
		};
/* End PBXGroup section */

/* Begin PBXNativeTarget section */
		3C59E424230A90790083FF80 /* PassValuePractice */ = {
			isa = PBXNativeTarget;
			buildConfigurationList = 3C59E437230A907B0083FF80 /* Build configuration list for PBXNativeTarget "PassValuePractice" */;
			buildPhases = (
				3C59E421230A90790083FF80 /* Sources */,
				3C59E422230A90790083FF80 /* Frameworks */,
				3C59E423230A90790083FF80 /* Resources */,
			);
			buildRules = (
			);
			dependencies = (
			);
			name = PassValuePractice;
			productName = PassValuePractice;
			productReference = 3C59E425230A90790083FF80 /* PassValuePractice.app */;
			productType = "com.apple.product-type.application";
		};
/* End PBXNativeTarget section */

/* Begin PBXProject section */
		3C59E41D230A90790083FF80 /* Project object */ = {
			isa = PBXProject;
			attributes = {
				LastSwiftUpdateCheck = 1030;
				LastUpgradeCheck = 1030;
				ORGANIZATIONNAME = "WU CHIH WEI";
				TargetAttributes = {
					3C59E424230A90790083FF80 = {
						CreatedOnToolsVersion = 10.3;
					};
				};
			};
			buildConfigurationList = 3C59E420230A90790083FF80 /* Build configuration list for PBXProject "PassValuePractice" */;
			compatibilityVersion = "Xcode 9.3";
			developmentRegion = en;
			hasScannedForEncodings = 0;
			knownRegions = (
				en,
				Base,
			);
			mainGroup = 3C59E41C230A90790083FF80;
			productRefGroup = 3C59E426230A90790083FF80 /* Products */;
			projectDirPath = "";
			projectRoot = "";
			targets = (
				3C59E424230A90790083FF80 /* PassValuePractice */,
			);
		};
/* End PBXProject section */

/* Begin PBXResourcesBuildPhase section */
		3C59E423230A90790083FF80 /* Resources */ = {
			isa = PBXResourcesBuildPhase;
			buildActionMask = 2147483647;
			files = (
				3C59E433230A907B0083FF80 /* LaunchScreen.storyboard in Resources */,
				3C59E430230A907B0083FF80 /* Assets.xcassets in Resources */,
				3C59E42E230A90790083FF80 /* Main.storyboard in Resources */,
			);
			runOnlyForDeploymentPostprocessing = 0;
		};
/* End PBXResourcesBuildPhase section */

/* Begin PBXSourcesBuildPhase section */
		3C59E421230A90790083FF80 /* Sources */ = {
			isa = PBXSourcesBuildPhase;
			buildActionMask = 2147483647;
			files = (
				3C59E43D230AA4F20083FF80 /* AddItemViewController.swift in Sources */,
				3C1E8739230AF4CB00E09CAC /* ListTableViewCell.swift in Sources */,
				3C59E43B230AA4DA0083FF80 /* ToDoListViewController.swift in Sources */,
				3C59E429230A90790083FF80 /* AppDelegate.swift in Sources */,
			);
			runOnlyForDeploymentPostprocessing = 0;
		};
/* End PBXSourcesBuildPhase section */

/* Begin PBXVariantGroup section */
		3C59E42C230A90790083FF80 /* Main.storyboard */ = {
			isa = PBXVariantGroup;
			children = (
				3C59E42D230A90790083FF80 /* Base */,
			);
			name = Main.storyboard;
			sourceTree = "<group>";
		};
		3C59E431230A907B0083FF80 /* LaunchScreen.storyboard */ = {
			isa = PBXVariantGroup;
			children = (
				3C59E432230A907B0083FF80 /* Base */,
			);
			name = LaunchScreen.storyboard;
			sourceTree = "<group>";
		};
/* End PBXVariantGroup section */

/* Begin XCBuildConfiguration section */
		3C59E435230A907B0083FF80 /* Debug */ = {
			isa = XCBuildConfiguration;
			buildSettings = {
				ALWAYS_SEARCH_USER_PATHS = NO;
				CLANG_ANALYZER_NONNULL = YES;
				CLANG_ANALYZER_NUMBER_OBJECT_CONVERSION = YES_AGGRESSIVE;
				CLANG_CXX_LANGUAGE_STANDARD = "gnu++14";
				CLANG_CXX_LIBRARY = "libc++";
				CLANG_ENABLE_MODULES = YES;
				CLANG_ENABLE_OBJC_ARC = YES;
				CLANG_ENABLE_OBJC_WEAK = YES;
				CLANG_WARN_BLOCK_CAPTURE_AUTORELEASING = YES;
				CLANG_WARN_BOOL_CONVERSION = YES;
				CLANG_WARN_COMMA = YES;
				CLANG_WARN_CONSTANT_CONVERSION = YES;
				CLANG_WARN_DEPRECATED_OBJC_IMPLEMENTATIONS = YES;
				CLANG_WARN_DIRECT_OBJC_ISA_USAGE = YES_ERROR;
				CLANG_WARN_DOCUMENTATION_COMMENTS = YES;
				CLANG_WARN_EMPTY_BODY = YES;
				CLANG_WARN_ENUM_CONVERSION = YES;
				CLANG_WARN_INFINITE_RECURSION = YES;
				CLANG_WARN_INT_CONVERSION = YES;
				CLANG_WARN_NON_LITERAL_NULL_CONVERSION = YES;
				CLANG_WARN_OBJC_IMPLICIT_RETAIN_SELF = YES;
				CLANG_WARN_OBJC_LITERAL_CONVERSION = YES;
				CLANG_WARN_OBJC_ROOT_CLASS = YES_ERROR;
				CLANG_WARN_RANGE_LOOP_ANALYSIS = YES;
				CLANG_WARN_STRICT_PROTOTYPES = YES;
				CLANG_WARN_SUSPICIOUS_MOVE = YES;
				CLANG_WARN_UNGUARDED_AVAILABILITY = YES_AGGRESSIVE;
				CLANG_WARN_UNREACHABLE_CODE = YES;
				CLANG_WARN__DUPLICATE_METHOD_MATCH = YES;
				CODE_SIGN_IDENTITY = "iPhone Developer";
				COPY_PHASE_STRIP = NO;
				DEBUG_INFORMATION_FORMAT = dwarf;
				ENABLE_STRICT_OBJC_MSGSEND = YES;
				ENABLE_TESTABILITY = YES;
				GCC_C_LANGUAGE_STANDARD = gnu11;
				GCC_DYNAMIC_NO_PIC = NO;
				GCC_NO_COMMON_BLOCKS = YES;
				GCC_OPTIMIZATION_LEVEL = 0;
				GCC_PREPROCESSOR_DEFINITIONS = (
					"DEBUG=1",
					"$(inherited)",
				);
				GCC_WARN_64_TO_32_BIT_CONVERSION = YES;
				GCC_WARN_ABOUT_RETURN_TYPE = YES_ERROR;
				GCC_WARN_UNDECLARED_SELECTOR = YES;
				GCC_WARN_UNINITIALIZED_AUTOS = YES_AGGRESSIVE;
				GCC_WARN_UNUSED_FUNCTION = YES;
				GCC_WARN_UNUSED_VARIABLE = YES;
				IPHONEOS_DEPLOYMENT_TARGET = 12.4;
				MTL_ENABLE_DEBUG_INFO = INCLUDE_SOURCE;
				MTL_FAST_MATH = YES;
				ONLY_ACTIVE_ARCH = YES;
				SDKROOT = iphoneos;
				SWIFT_ACTIVE_COMPILATION_CONDITIONS = DEBUG;
				SWIFT_OPTIMIZATION_LEVEL = "-Onone";
			};
			name = Debug;
		};
		3C59E436230A907B0083FF80 /* Release */ = {
			isa = XCBuildConfiguration;
			buildSettings = {
				ALWAYS_SEARCH_USER_PATHS = NO;
				CLANG_ANALYZER_NONNULL = YES;
				CLANG_ANALYZER_NUMBER_OBJECT_CONVERSION = YES_AGGRESSIVE;
				CLANG_CXX_LANGUAGE_STANDARD = "gnu++14";
				CLANG_CXX_LIBRARY = "libc++";
				CLANG_ENABLE_MODULES = YES;
				CLANG_ENABLE_OBJC_ARC = YES;
				CLANG_ENABLE_OBJC_WEAK = YES;
				CLANG_WARN_BLOCK_CAPTURE_AUTORELEASING = YES;
				CLANG_WARN_BOOL_CONVERSION = YES;
				CLANG_WARN_COMMA = YES;
				CLANG_WARN_CONSTANT_CONVERSION = YES;
				CLANG_WARN_DEPRECATED_OBJC_IMPLEMENTATIONS = YES;
				CLANG_WARN_DIRECT_OBJC_ISA_USAGE = YES_ERROR;
				CLANG_WARN_DOCUMENTATION_COMMENTS = YES;
				CLANG_WARN_EMPTY_BODY = YES;
				CLANG_WARN_ENUM_CONVERSION = YES;
				CLANG_WARN_INFINITE_RECURSION = YES;
				CLANG_WARN_INT_CONVERSION = YES;
				CLANG_WARN_NON_LITERAL_NULL_CONVERSION = YES;
				CLANG_WARN_OBJC_IMPLICIT_RETAIN_SELF = YES;
				CLANG_WARN_OBJC_LITERAL_CONVERSION = YES;
				CLANG_WARN_OBJC_ROOT_CLASS = YES_ERROR;
				CLANG_WARN_RANGE_LOOP_ANALYSIS = YES;
				CLANG_WARN_STRICT_PROTOTYPES = YES;
				CLANG_WARN_SUSPICIOUS_MOVE = YES;
				CLANG_WARN_UNGUARDED_AVAILABILITY = YES_AGGRESSIVE;
				CLANG_WARN_UNREACHABLE_CODE = YES;
				CLANG_WARN__DUPLICATE_METHOD_MATCH = YES;
				CODE_SIGN_IDENTITY = "iPhone Developer";
				COPY_PHASE_STRIP = NO;
				DEBUG_INFORMATION_FORMAT = "dwarf-with-dsym";
				ENABLE_NS_ASSERTIONS = NO;
				ENABLE_STRICT_OBJC_MSGSEND = YES;
				GCC_C_LANGUAGE_STANDARD = gnu11;
				GCC_NO_COMMON_BLOCKS = YES;
				GCC_WARN_64_TO_32_BIT_CONVERSION = YES;
				GCC_WARN_ABOUT_RETURN_TYPE = YES_ERROR;
				GCC_WARN_UNDECLARED_SELECTOR = YES;
				GCC_WARN_UNINITIALIZED_AUTOS = YES_AGGRESSIVE;
				GCC_WARN_UNUSED_FUNCTION = YES;
				GCC_WARN_UNUSED_VARIABLE = YES;
				IPHONEOS_DEPLOYMENT_TARGET = 12.4;
				MTL_ENABLE_DEBUG_INFO = NO;
				MTL_FAST_MATH = YES;
				SDKROOT = iphoneos;
				SWIFT_COMPILATION_MODE = wholemodule;
				SWIFT_OPTIMIZATION_LEVEL = "-O";
				VALIDATE_PRODUCT = YES;
			};
			name = Release;
		};
		3C59E438230A907B0083FF80 /* Debug */ = {
			isa = XCBuildConfiguration;
			buildSettings = {
				ASSETCATALOG_COMPILER_APPICON_NAME = AppIcon;
				CODE_SIGN_STYLE = Automatic;
				INFOPLIST_FILE = PassValuePractice/Info.plist;
				LD_RUNPATH_SEARCH_PATHS = (
					"$(inherited)",
					"@executable_path/Frameworks",
				);
				PRODUCT_BUNDLE_IDENTIFIER = LukeWu.PassValuePractice;
				PRODUCT_NAME = "$(TARGET_NAME)";
				SWIFT_VERSION = 5.0;
				TARGETED_DEVICE_FAMILY = "1,2";
			};
			name = Debug;
		};
		3C59E439230A907B0083FF80 /* Release */ = {
			isa = XCBuildConfiguration;
			buildSettings = {
				ASSETCATALOG_COMPILER_APPICON_NAME = AppIcon;
				CODE_SIGN_STYLE = Automatic;
				INFOPLIST_FILE = PassValuePractice/Info.plist;
				LD_RUNPATH_SEARCH_PATHS = (
					"$(inherited)",
					"@executable_path/Frameworks",
				);
				PRODUCT_BUNDLE_IDENTIFIER = LukeWu.PassValuePractice;
				PRODUCT_NAME = "$(TARGET_NAME)";
				SWIFT_VERSION = 5.0;
				TARGETED_DEVICE_FAMILY = "1,2";
			};
			name = Release;
		};
/* End XCBuildConfiguration section */

/* Begin XCConfigurationList section */
		3C59E420230A90790083FF80 /* Build configuration list for PBXProject "PassValuePractice" */ = {
			isa = XCConfigurationList;
			buildConfigurations = (
				3C59E435230A907B0083FF80 /* Debug */,
				3C59E436230A907B0083FF80 /* Release */,
			);
			defaultConfigurationIsVisible = 0;
			defaultConfigurationName = Release;
		};
		3C59E437230A907B0083FF80 /* Build configuration list for PBXNativeTarget "PassValuePractice" */ = {
			isa = XCConfigurationList;
			buildConfigurations = (
				3C59E438230A907B0083FF80 /* Debug */,
				3C59E439230A907B0083FF80 /* Release */,
			);
			defaultConfigurationIsVisible = 0;
			defaultConfigurationName = Release;
		};
/* End XCConfigurationList section */
	};
	rootObject = 3C59E41D230A90790083FF80 /* Project object */;
}
