// !$*UTF8*$!
{
	archiveVersion = 1;
	classes = {
	};
	objectVersion = 50;
	objects = {

/* Begin PBXBuildFile section */
		3C09BBE123CEBCE5001C027F /* AppDelegate.swift in Sources */ = {isa = PBXBuildFile; fileRef = 3C09BBE023CEBCE5001C027F /* AppDelegate.swift */; };
		3C09BBE323CEBCE5001C027F /* SceneDelegate.swift in Sources */ = {isa = PBXBuildFile; fileRef = 3C09BBE223CEBCE5001C027F /* SceneDelegate.swift */; };
		3C09BBE523CEBCE5001C027F /* ViewController.swift in Sources */ = {isa = PBXBuildFile; fileRef = 3C09BBE423CEBCE5001C027F /* ViewController.swift */; };
		3C09BBE823CEBCE5001C027F /* Main.storyboard in Resources */ = {isa = PBXBuildFile; fileRef = 3C09BBE623CEBCE5001C027F /* Main.storyboard */; };
		3C09BBEA23CEBCE6001C027F /* Assets.xcassets in Resources */ = {isa = PBXBuildFile; fileRef = 3C09BBE923CEBCE6001C027F /* Assets.xcassets */; };
		3C09BBED23CEBCE6001C027F /* LaunchScreen.storyboard in Resources */ = {isa = PBXBuildFile; fileRef = 3C09BBEB23CEBCE6001C027F /* LaunchScreen.storyboard */; };
		3C09BBF823CEBCE7001C027F /* AutoLayoutPracticeTests.swift in Sources */ = {isa = PBXBuildFile; fileRef = 3C09BBF723CEBCE7001C027F /* AutoLayoutPracticeTests.swift */; };
		3C09BC0323CEBCE7001C027F /* AutoLayoutPracticeUITests.swift in Sources */ = {isa = PBXBuildFile; fileRef = 3C09BC0223CEBCE7001C027F /* AutoLayoutPracticeUITests.swift */; };
		3C09BC1123CEBFFC001C027F /* LukeView.swift in Sources */ = {isa = PBXBuildFile; fileRef = 3C09BC1023CEBFFC001C027F /* LukeView.swift */; };
/* End PBXBuildFile section */

/* Begin PBXContainerItemProxy section */
		3C09BBF423CEBCE7001C027F /* PBXContainerItemProxy */ = {
			isa = PBXContainerItemProxy;
			containerPortal = 3C09BBD523CEBCE5001C027F /* Project object */;
			proxyType = 1;
			remoteGlobalIDString = 3C09BBDC23CEBCE5001C027F;
			remoteInfo = AutoLayoutPractice;
		};
		3C09BBFF23CEBCE7001C027F /* PBXContainerItemProxy */ = {
			isa = PBXContainerItemProxy;
			containerPortal = 3C09BBD523CEBCE5001C027F /* Project object */;
			proxyType = 1;
			remoteGlobalIDString = 3C09BBDC23CEBCE5001C027F;
			remoteInfo = AutoLayoutPractice;
		};
/* End PBXContainerItemProxy section */

/* Begin PBXFileReference section */
		3C09BBDD23CEBCE5001C027F /* AutoLayoutPractice.app */ = {isa = PBXFileReference; explicitFileType = wrapper.application; includeInIndex = 0; path = AutoLayoutPractice.app; sourceTree = BUILT_PRODUCTS_DIR; };
		3C09BBE023CEBCE5001C027F /* AppDelegate.swift */ = {isa = PBXFileReference; lastKnownFileType = sourcecode.swift; path = AppDelegate.swift; sourceTree = "<group>"; };
		3C09BBE223CEBCE5001C027F /* SceneDelegate.swift */ = {isa = PBXFileReference; lastKnownFileType = sourcecode.swift; path = SceneDelegate.swift; sourceTree = "<group>"; };
		3C09BBE423CEBCE5001C027F /* ViewController.swift */ = {isa = PBXFileReference; lastKnownFileType = sourcecode.swift; path = ViewController.swift; sourceTree = "<group>"; };
		3C09BBE723CEBCE5001C027F /* Base */ = {isa = PBXFileReference; lastKnownFileType = file.storyboard; name = Base; path = Base.lproj/Main.storyboard; sourceTree = "<group>"; };
		3C09BBE923CEBCE6001C027F /* Assets.xcassets */ = {isa = PBXFileReference; lastKnownFileType = folder.assetcatalog; path = Assets.xcassets; sourceTree = "<group>"; };
		3C09BBEC23CEBCE6001C027F /* Base */ = {isa = PBXFileReference; lastKnownFileType = file.storyboard; name = Base; path = Base.lproj/LaunchScreen.storyboard; sourceTree = "<group>"; };
		3C09BBEE23CEBCE6001C027F /* Info.plist */ = {isa = PBXFileReference; lastKnownFileType = text.plist.xml; path = Info.plist; sourceTree = "<group>"; };
		3C09BBF323CEBCE7001C027F /* AutoLayoutPracticeTests.xctest */ = {isa = PBXFileReference; explicitFileType = wrapper.cfbundle; includeInIndex = 0; path = AutoLayoutPracticeTests.xctest; sourceTree = BUILT_PRODUCTS_DIR; };
		3C09BBF723CEBCE7001C027F /* AutoLayoutPracticeTests.swift */ = {isa = PBXFileReference; lastKnownFileType = sourcecode.swift; path = AutoLayoutPracticeTests.swift; sourceTree = "<group>"; };
		3C09BBF923CEBCE7001C027F /* Info.plist */ = {isa = PBXFileReference; lastKnownFileType = text.plist.xml; path = Info.plist; sourceTree = "<group>"; };
		3C09BBFE23CEBCE7001C027F /* AutoLayoutPracticeUITests.xctest */ = {isa = PBXFileReference; explicitFileType = wrapper.cfbundle; includeInIndex = 0; path = AutoLayoutPracticeUITests.xctest; sourceTree = BUILT_PRODUCTS_DIR; };
		3C09BC0223CEBCE7001C027F /* AutoLayoutPracticeUITests.swift */ = {isa = PBXFileReference; lastKnownFileType = sourcecode.swift; path = AutoLayoutPracticeUITests.swift; sourceTree = "<group>"; };
		3C09BC0423CEBCE7001C027F /* Info.plist */ = {isa = PBXFileReference; lastKnownFileType = text.plist.xml; path = Info.plist; sourceTree = "<group>"; };
		3C09BC1023CEBFFC001C027F /* LukeView.swift */ = {isa = PBXFileReference; lastKnownFileType = sourcecode.swift; path = LukeView.swift; sourceTree = "<group>"; };
/* End PBXFileReference section */

/* Begin PBXFrameworksBuildPhase section */
		3C09BBDA23CEBCE5001C027F /* Frameworks */ = {
			isa = PBXFrameworksBuildPhase;
			buildActionMask = 2147483647;
			files = (
			);
			runOnlyForDeploymentPostprocessing = 0;
		};
		3C09BBF023CEBCE7001C027F /* Frameworks */ = {
			isa = PBXFrameworksBuildPhase;
			buildActionMask = 2147483647;
			files = (
			);
			runOnlyForDeploymentPostprocessing = 0;
		};
		3C09BBFB23CEBCE7001C027F /* Frameworks */ = {
			isa = PBXFrameworksBuildPhase;
			buildActionMask = 2147483647;
			files = (
			);
			runOnlyForDeploymentPostprocessing = 0;
		};
/* End PBXFrameworksBuildPhase section */

/* Begin PBXGroup section */
		3C09BBD423CEBCE5001C027F = {
			isa = PBXGroup;
			children = (
				3C09BBDF23CEBCE5001C027F /* AutoLayoutPractice */,
				3C09BBF623CEBCE7001C027F /* AutoLayoutPracticeTests */,
				3C09BC0123CEBCE7001C027F /* AutoLayoutPracticeUITests */,
				3C09BBDE23CEBCE5001C027F /* Products */,
			);
			sourceTree = "<group>";
		};
		3C09BBDE23CEBCE5001C027F /* Products */ = {
			isa = PBXGroup;
			children = (
				3C09BBDD23CEBCE5001C027F /* AutoLayoutPractice.app */,
				3C09BBF323CEBCE7001C027F /* AutoLayoutPracticeTests.xctest */,
				3C09BBFE23CEBCE7001C027F /* AutoLayoutPracticeUITests.xctest */,
			);
			name = Products;
			sourceTree = "<group>";
		};
		3C09BBDF23CEBCE5001C027F /* AutoLayoutPractice */ = {
			isa = PBXGroup;
			children = (
				3C09BBE023CEBCE5001C027F /* AppDelegate.swift */,
				3C09BBE223CEBCE5001C027F /* SceneDelegate.swift */,
				3C09BBE423CEBCE5001C027F /* ViewController.swift */,
				3C09BC1023CEBFFC001C027F /* LukeView.swift */,
				3C09BBE623CEBCE5001C027F /* Main.storyboard */,
				3C09BBE923CEBCE6001C027F /* Assets.xcassets */,
				3C09BBEB23CEBCE6001C027F /* LaunchScreen.storyboard */,
				3C09BBEE23CEBCE6001C027F /* Info.plist */,
			);
			path = AutoLayoutPractice;
			sourceTree = "<group>";
		};
		3C09BBF623CEBCE7001C027F /* AutoLayoutPracticeTests */ = {
			isa = PBXGroup;
			children = (
				3C09BBF723CEBCE7001C027F /* AutoLayoutPracticeTests.swift */,
				3C09BBF923CEBCE7001C027F /* Info.plist */,
			);
			path = AutoLayoutPracticeTests;
			sourceTree = "<group>";
		};
		3C09BC0123CEBCE7001C027F /* AutoLayoutPracticeUITests */ = {
			isa = PBXGroup;
			children = (
				3C09BC0223CEBCE7001C027F /* AutoLayoutPracticeUITests.swift */,
				3C09BC0423CEBCE7001C027F /* Info.plist */,
			);
			path = AutoLayoutPracticeUITests;
			sourceTree = "<group>";
		};
/* End PBXGroup section */

/* Begin PBXNativeTarget section */
		3C09BBDC23CEBCE5001C027F /* AutoLayoutPractice */ = {
			isa = PBXNativeTarget;
			buildConfigurationList = 3C09BC0723CEBCE7001C027F /* Build configuration list for PBXNativeTarget "AutoLayoutPractice" */;
			buildPhases = (
				3C09BBD923CEBCE5001C027F /* Sources */,
				3C09BBDA23CEBCE5001C027F /* Frameworks */,
				3C09BBDB23CEBCE5001C027F /* Resources */,
			);
			buildRules = (
			);
			dependencies = (
			);
			name = AutoLayoutPractice;
			productName = AutoLayoutPractice;
			productReference = 3C09BBDD23CEBCE5001C027F /* AutoLayoutPractice.app */;
			productType = "com.apple.product-type.application";
		};
		3C09BBF223CEBCE7001C027F /* AutoLayoutPracticeTests */ = {
			isa = PBXNativeTarget;
			buildConfigurationList = 3C09BC0A23CEBCE7001C027F /* Build configuration list for PBXNativeTarget "AutoLayoutPracticeTests" */;
			buildPhases = (
				3C09BBEF23CEBCE7001C027F /* Sources */,
				3C09BBF023CEBCE7001C027F /* Frameworks */,
				3C09BBF123CEBCE7001C027F /* Resources */,
			);
			buildRules = (
			);
			dependencies = (
				3C09BBF523CEBCE7001C027F /* PBXTargetDependency */,
			);
			name = AutoLayoutPracticeTests;
			productName = AutoLayoutPracticeTests;
			productReference = 3C09BBF323CEBCE7001C027F /* AutoLayoutPracticeTests.xctest */;
			productType = "com.apple.product-type.bundle.unit-test";
		};
		3C09BBFD23CEBCE7001C027F /* AutoLayoutPracticeUITests */ = {
			isa = PBXNativeTarget;
			buildConfigurationList = 3C09BC0D23CEBCE7001C027F /* Build configuration list for PBXNativeTarget "AutoLayoutPracticeUITests" */;
			buildPhases = (
				3C09BBFA23CEBCE7001C027F /* Sources */,
				3C09BBFB23CEBCE7001C027F /* Frameworks */,
				3C09BBFC23CEBCE7001C027F /* Resources */,
			);
			buildRules = (
			);
			dependencies = (
				3C09BC0023CEBCE7001C027F /* PBXTargetDependency */,
			);
			name = AutoLayoutPracticeUITests;
			productName = AutoLayoutPracticeUITests;
			productReference = 3C09BBFE23CEBCE7001C027F /* AutoLayoutPracticeUITests.xctest */;
			productType = "com.apple.product-type.bundle.ui-testing";
		};
/* End PBXNativeTarget section */

/* Begin PBXProject section */
		3C09BBD523CEBCE5001C027F /* Project object */ = {
			isa = PBXProject;
			attributes = {
				LastSwiftUpdateCheck = 1130;
				LastUpgradeCheck = 1130;
				ORGANIZATIONNAME = "WU CHIH WEI";
				TargetAttributes = {
					3C09BBDC23CEBCE5001C027F = {
						CreatedOnToolsVersion = 11.3;
					};
					3C09BBF223CEBCE7001C027F = {
						CreatedOnToolsVersion = 11.3;
						TestTargetID = 3C09BBDC23CEBCE5001C027F;
					};
					3C09BBFD23CEBCE7001C027F = {
						CreatedOnToolsVersion = 11.3;
						TestTargetID = 3C09BBDC23CEBCE5001C027F;
					};
				};
			};
			buildConfigurationList = 3C09BBD823CEBCE5001C027F /* Build configuration list for PBXProject "AutoLayoutPractice" */;
			compatibilityVersion = "Xcode 9.3";
			developmentRegion = en;
			hasScannedForEncodings = 0;
			knownRegions = (
				en,
				Base,
			);
			mainGroup = 3C09BBD423CEBCE5001C027F;
			productRefGroup = 3C09BBDE23CEBCE5001C027F /* Products */;
			projectDirPath = "";
			projectRoot = "";
			targets = (
				3C09BBDC23CEBCE5001C027F /* AutoLayoutPractice */,
				3C09BBF223CEBCE7001C027F /* AutoLayoutPracticeTests */,
				3C09BBFD23CEBCE7001C027F /* AutoLayoutPracticeUITests */,
			);
		};
/* End PBXProject section */

/* Begin PBXResourcesBuildPhase section */
		3C09BBDB23CEBCE5001C027F /* Resources */ = {
			isa = PBXResourcesBuildPhase;
			buildActionMask = 2147483647;
			files = (
				3C09BBED23CEBCE6001C027F /* LaunchScreen.storyboard in Resources */,
				3C09BBEA23CEBCE6001C027F /* Assets.xcassets in Resources */,
				3C09BBE823CEBCE5001C027F /* Main.storyboard in Resources */,
			);
			runOnlyForDeploymentPostprocessing = 0;
		};
		3C09BBF123CEBCE7001C027F /* Resources */ = {
			isa = PBXResourcesBuildPhase;
			buildActionMask = 2147483647;
			files = (
			);
			runOnlyForDeploymentPostprocessing = 0;
		};
		3C09BBFC23CEBCE7001C027F /* Resources */ = {
			isa = PBXResourcesBuildPhase;
			buildActionMask = 2147483647;
			files = (
			);
			runOnlyForDeploymentPostprocessing = 0;
		};
/* End PBXResourcesBuildPhase section */

/* Begin PBXSourcesBuildPhase section */
		3C09BBD923CEBCE5001C027F /* Sources */ = {
			isa = PBXSourcesBuildPhase;
			buildActionMask = 2147483647;
			files = (
				3C09BBE523CEBCE5001C027F /* ViewController.swift in Sources */,
				3C09BC1123CEBFFC001C027F /* LukeView.swift in Sources */,
				3C09BBE123CEBCE5001C027F /* AppDelegate.swift in Sources */,
				3C09BBE323CEBCE5001C027F /* SceneDelegate.swift in Sources */,
			);
			runOnlyForDeploymentPostprocessing = 0;
		};
		3C09BBEF23CEBCE7001C027F /* Sources */ = {
			isa = PBXSourcesBuildPhase;
			buildActionMask = 2147483647;
			files = (
				3C09BBF823CEBCE7001C027F /* AutoLayoutPracticeTests.swift in Sources */,
			);
			runOnlyForDeploymentPostprocessing = 0;
		};
		3C09BBFA23CEBCE7001C027F /* Sources */ = {
			isa = PBXSourcesBuildPhase;
			buildActionMask = 2147483647;
			files = (
				3C09BC0323CEBCE7001C027F /* AutoLayoutPracticeUITests.swift in Sources */,
			);
			runOnlyForDeploymentPostprocessing = 0;
		};
/* End PBXSourcesBuildPhase section */

/* Begin PBXTargetDependency section */
		3C09BBF523CEBCE7001C027F /* PBXTargetDependency */ = {
			isa = PBXTargetDependency;
			target = 3C09BBDC23CEBCE5001C027F /* AutoLayoutPractice */;
			targetProxy = 3C09BBF423CEBCE7001C027F /* PBXContainerItemProxy */;
		};
		3C09BC0023CEBCE7001C027F /* PBXTargetDependency */ = {
			isa = PBXTargetDependency;
			target = 3C09BBDC23CEBCE5001C027F /* AutoLayoutPractice */;
			targetProxy = 3C09BBFF23CEBCE7001C027F /* PBXContainerItemProxy */;
		};
/* End PBXTargetDependency section */

/* Begin PBXVariantGroup section */
		3C09BBE623CEBCE5001C027F /* Main.storyboard */ = {
			isa = PBXVariantGroup;
			children = (
				3C09BBE723CEBCE5001C027F /* Base */,
			);
			name = Main.storyboard;
			sourceTree = "<group>";
		};
		3C09BBEB23CEBCE6001C027F /* LaunchScreen.storyboard */ = {
			isa = PBXVariantGroup;
			children = (
				3C09BBEC23CEBCE6001C027F /* Base */,
			);
			name = LaunchScreen.storyboard;
			sourceTree = "<group>";
		};
/* End PBXVariantGroup section */

/* Begin XCBuildConfiguration section */
		3C09BC0523CEBCE7001C027F /* Debug */ = {
			isa = XCBuildConfiguration;
			buildSettings = {
				ALWAYS_SEARCH_USER_PATHS = NO;
				CLANG_ANALYZER_NONNULL = YES;
				CLANG_ANALYZER_NUMBER_OBJECT_CONVERSION = YES_AGGRESSIVE;
				CLANG_CXX_LANGUAGE_STANDARD = "gnu++14";
				CLANG_CXX_LIBRARY = "libc++";
				CLANG_ENABLE_MODULES = YES;
				CLANG_ENABLE_OBJC_ARC = YES;
				CLANG_ENABLE_OBJC_WEAK = YES;
				CLANG_WARN_BLOCK_CAPTURE_AUTORELEASING = YES;
				CLANG_WARN_BOOL_CONVERSION = YES;
				CLANG_WARN_COMMA = YES;
				CLANG_WARN_CONSTANT_CONVERSION = YES;
				CLANG_WARN_DEPRECATED_OBJC_IMPLEMENTATIONS = YES;
				CLANG_WARN_DIRECT_OBJC_ISA_USAGE = YES_ERROR;
				CLANG_WARN_DOCUMENTATION_COMMENTS = YES;
				CLANG_WARN_EMPTY_BODY = YES;
				CLANG_WARN_ENUM_CONVERSION = YES;
				CLANG_WARN_INFINITE_RECURSION = YES;
				CLANG_WARN_INT_CONVERSION = YES;
				CLANG_WARN_NON_LITERAL_NULL_CONVERSION = YES;
				CLANG_WARN_OBJC_IMPLICIT_RETAIN_SELF = YES;
				CLANG_WARN_OBJC_LITERAL_CONVERSION = YES;
				CLANG_WARN_OBJC_ROOT_CLASS = YES_ERROR;
				CLANG_WARN_RANGE_LOOP_ANALYSIS = YES;
				CLANG_WARN_STRICT_PROTOTYPES = YES;
				CLANG_WARN_SUSPICIOUS_MOVE = YES;
				CLANG_WARN_UNGUARDED_AVAILABILITY = YES_AGGRESSIVE;
				CLANG_WARN_UNREACHABLE_CODE = YES;
				CLANG_WARN__DUPLICATE_METHOD_MATCH = YES;
				COPY_PHASE_STRIP = NO;
				DEBUG_INFORMATION_FORMAT = dwarf;
				ENABLE_STRICT_OBJC_MSGSEND = YES;
				ENABLE_TESTABILITY = YES;
				GCC_C_LANGUAGE_STANDARD = gnu11;
				GCC_DYNAMIC_NO_PIC = NO;
				GCC_NO_COMMON_BLOCKS = YES;
				GCC_OPTIMIZATION_LEVEL = 0;
				GCC_PREPROCESSOR_DEFINITIONS = (
					"DEBUG=1",
					"$(inherited)",
				);
				GCC_WARN_64_TO_32_BIT_CONVERSION = YES;
				GCC_WARN_ABOUT_RETURN_TYPE = YES_ERROR;
				GCC_WARN_UNDECLARED_SELECTOR = YES;
				GCC_WARN_UNINITIALIZED_AUTOS = YES_AGGRESSIVE;
				GCC_WARN_UNUSED_FUNCTION = YES;
				GCC_WARN_UNUSED_VARIABLE = YES;
				IPHONEOS_DEPLOYMENT_TARGET = 13.2;
				MTL_ENABLE_DEBUG_INFO = INCLUDE_SOURCE;
				MTL_FAST_MATH = YES;
				ONLY_ACTIVE_ARCH = YES;
				SDKROOT = iphoneos;
				SWIFT_ACTIVE_COMPILATION_CONDITIONS = DEBUG;
				SWIFT_OPTIMIZATION_LEVEL = "-Onone";
			};
			name = Debug;
		};
		3C09BC0623CEBCE7001C027F /* Release */ = {
			isa = XCBuildConfiguration;
			buildSettings = {
				ALWAYS_SEARCH_USER_PATHS = NO;
				CLANG_ANALYZER_NONNULL = YES;
				CLANG_ANALYZER_NUMBER_OBJECT_CONVERSION = YES_AGGRESSIVE;
				CLANG_CXX_LANGUAGE_STANDARD = "gnu++14";
				CLANG_CXX_LIBRARY = "libc++";
				CLANG_ENABLE_MODULES = YES;
				CLANG_ENABLE_OBJC_ARC = YES;
				CLANG_ENABLE_OBJC_WEAK = YES;
				CLANG_WARN_BLOCK_CAPTURE_AUTORELEASING = YES;
				CLANG_WARN_BOOL_CONVERSION = YES;
				CLANG_WARN_COMMA = YES;
				CLANG_WARN_CONSTANT_CONVERSION = YES;
				CLANG_WARN_DEPRECATED_OBJC_IMPLEMENTATIONS = YES;
				CLANG_WARN_DIRECT_OBJC_ISA_USAGE = YES_ERROR;
				CLANG_WARN_DOCUMENTATION_COMMENTS = YES;
				CLANG_WARN_EMPTY_BODY = YES;
				CLANG_WARN_ENUM_CONVERSION = YES;
				CLANG_WARN_INFINITE_RECURSION = YES;
				CLANG_WARN_INT_CONVERSION = YES;
				CLANG_WARN_NON_LITERAL_NULL_CONVERSION = YES;
				CLANG_WARN_OBJC_IMPLICIT_RETAIN_SELF = YES;
				CLANG_WARN_OBJC_LITERAL_CONVERSION = YES;
				CLANG_WARN_OBJC_ROOT_CLASS = YES_ERROR;
				CLANG_WARN_RANGE_LOOP_ANALYSIS = YES;
				CLANG_WARN_STRICT_PROTOTYPES = YES;
				CLANG_WARN_SUSPICIOUS_MOVE = YES;
				CLANG_WARN_UNGUARDED_AVAILABILITY = YES_AGGRESSIVE;
				CLANG_WARN_UNREACHABLE_CODE = YES;
				CLANG_WARN__DUPLICATE_METHOD_MATCH = YES;
				COPY_PHASE_STRIP = NO;
				DEBUG_INFORMATION_FORMAT = "dwarf-with-dsym";
				ENABLE_NS_ASSERTIONS = NO;
				ENABLE_STRICT_OBJC_MSGSEND = YES;
				GCC_C_LANGUAGE_STANDARD = gnu11;
				GCC_NO_COMMON_BLOCKS = YES;
				GCC_WARN_64_TO_32_BIT_CONVERSION = YES;
				GCC_WARN_ABOUT_RETURN_TYPE = YES_ERROR;
				GCC_WARN_UNDECLARED_SELECTOR = YES;
				GCC_WARN_UNINITIALIZED_AUTOS = YES_AGGRESSIVE;
				GCC_WARN_UNUSED_FUNCTION = YES;
				GCC_WARN_UNUSED_VARIABLE = YES;
				IPHONEOS_DEPLOYMENT_TARGET = 13.2;
				MTL_ENABLE_DEBUG_INFO = NO;
				MTL_FAST_MATH = YES;
				SDKROOT = iphoneos;
				SWIFT_COMPILATION_MODE = wholemodule;
				SWIFT_OPTIMIZATION_LEVEL = "-O";
				VALIDATE_PRODUCT = YES;
			};
			name = Release;
		};
		3C09BC0823CEBCE7001C027F /* Debug */ = {
			isa = XCBuildConfiguration;
			buildSettings = {
				ASSETCATALOG_COMPILER_APPICON_NAME = AppIcon;
				CODE_SIGN_STYLE = Automatic;
				DEVELOPMENT_TEAM = RR2TL95C6Z;
				INFOPLIST_FILE = AutoLayoutPractice/Info.plist;
				LD_RUNPATH_SEARCH_PATHS = (
					"$(inherited)",
					"@executable_path/Frameworks",
				);
				PRODUCT_BUNDLE_IDENTIFIER = com.lukewu.AutoLayoutPractice;
				PRODUCT_NAME = "$(TARGET_NAME)";
				SWIFT_VERSION = 5.0;
				TARGETED_DEVICE_FAMILY = "1,2";
			};
			name = Debug;
		};
		3C09BC0923CEBCE7001C027F /* Release */ = {
			isa = XCBuildConfiguration;
			buildSettings = {
				ASSETCATALOG_COMPILER_APPICON_NAME = AppIcon;
				CODE_SIGN_STYLE = Automatic;
				DEVELOPMENT_TEAM = RR2TL95C6Z;
				INFOPLIST_FILE = AutoLayoutPractice/Info.plist;
				LD_RUNPATH_SEARCH_PATHS = (
					"$(inherited)",
					"@executable_path/Frameworks",
				);
				PRODUCT_BUNDLE_IDENTIFIER = com.lukewu.AutoLayoutPractice;
				PRODUCT_NAME = "$(TARGET_NAME)";
				SWIFT_VERSION = 5.0;
				TARGETED_DEVICE_FAMILY = "1,2";
			};
			name = Release;
		};
		3C09BC0B23CEBCE7001C027F /* Debug */ = {
			isa = XCBuildConfiguration;
			buildSettings = {
				ALWAYS_EMBED_SWIFT_STANDARD_LIBRARIES = YES;
				BUNDLE_LOADER = "$(TEST_HOST)";
				CODE_SIGN_STYLE = Automatic;
				DEVELOPMENT_TEAM = RR2TL95C6Z;
				INFOPLIST_FILE = AutoLayoutPracticeTests/Info.plist;
				IPHONEOS_DEPLOYMENT_TARGET = 13.2;
				LD_RUNPATH_SEARCH_PATHS = (
					"$(inherited)",
					"@executable_path/Frameworks",
					"@loader_path/Frameworks",
				);
				PRODUCT_BUNDLE_IDENTIFIER = com.lukewu.AutoLayoutPracticeTests;
				PRODUCT_NAME = "$(TARGET_NAME)";
				SWIFT_VERSION = 5.0;
				TARGETED_DEVICE_FAMILY = "1,2";
				TEST_HOST = "$(BUILT_PRODUCTS_DIR)/AutoLayoutPractice.app/AutoLayoutPractice";
			};
			name = Debug;
		};
		3C09BC0C23CEBCE7001C027F /* Release */ = {
			isa = XCBuildConfiguration;
			buildSettings = {
				ALWAYS_EMBED_SWIFT_STANDARD_LIBRARIES = YES;
				BUNDLE_LOADER = "$(TEST_HOST)";
				CODE_SIGN_STYLE = Automatic;
				DEVELOPMENT_TEAM = RR2TL95C6Z;
				INFOPLIST_FILE = AutoLayoutPracticeTests/Info.plist;
				IPHONEOS_DEPLOYMENT_TARGET = 13.2;
				LD_RUNPATH_SEARCH_PATHS = (
					"$(inherited)",
					"@executable_path/Frameworks",
					"@loader_path/Frameworks",
				);
				PRODUCT_BUNDLE_IDENTIFIER = com.lukewu.AutoLayoutPracticeTests;
				PRODUCT_NAME = "$(TARGET_NAME)";
				SWIFT_VERSION = 5.0;
				TARGETED_DEVICE_FAMILY = "1,2";
				TEST_HOST = "$(BUILT_PRODUCTS_DIR)/AutoLayoutPractice.app/AutoLayoutPractice";
			};
			name = Release;
		};
		3C09BC0E23CEBCE7001C027F /* Debug */ = {
			isa = XCBuildConfiguration;
			buildSettings = {
				ALWAYS_EMBED_SWIFT_STANDARD_LIBRARIES = YES;
				CODE_SIGN_STYLE = Automatic;
				DEVELOPMENT_TEAM = RR2TL95C6Z;
				INFOPLIST_FILE = AutoLayoutPracticeUITests/Info.plist;
				LD_RUNPATH_SEARCH_PATHS = (
					"$(inherited)",
					"@executable_path/Frameworks",
					"@loader_path/Frameworks",
				);
				PRODUCT_BUNDLE_IDENTIFIER = com.lukewu.AutoLayoutPracticeUITests;
				PRODUCT_NAME = "$(TARGET_NAME)";
				SWIFT_VERSION = 5.0;
				TARGETED_DEVICE_FAMILY = "1,2";
				TEST_TARGET_NAME = AutoLayoutPractice;
			};
			name = Debug;
		};
		3C09BC0F23CEBCE7001C027F /* Release */ = {
			isa = XCBuildConfiguration;
			buildSettings = {
				ALWAYS_EMBED_SWIFT_STANDARD_LIBRARIES = YES;
				CODE_SIGN_STYLE = Automatic;
				DEVELOPMENT_TEAM = RR2TL95C6Z;
				INFOPLIST_FILE = AutoLayoutPracticeUITests/Info.plist;
				LD_RUNPATH_SEARCH_PATHS = (
					"$(inherited)",
					"@executable_path/Frameworks",
					"@loader_path/Frameworks",
				);
				PRODUCT_BUNDLE_IDENTIFIER = com.lukewu.AutoLayoutPracticeUITests;
				PRODUCT_NAME = "$(TARGET_NAME)";
				SWIFT_VERSION = 5.0;
				TARGETED_DEVICE_FAMILY = "1,2";
				TEST_TARGET_NAME = AutoLayoutPractice;
			};
			name = Release;
		};
/* End XCBuildConfiguration section */

/* Begin XCConfigurationList section */
		3C09BBD823CEBCE5001C027F /* Build configuration list for PBXProject "AutoLayoutPractice" */ = {
			isa = XCConfigurationList;
			buildConfigurations = (
				3C09BC0523CEBCE7001C027F /* Debug */,
				3C09BC0623CEBCE7001C027F /* Release */,
			);
			defaultConfigurationIsVisible = 0;
			defaultConfigurationName = Release;
		};
		3C09BC0723CEBCE7001C027F /* Build configuration list for PBXNativeTarget "AutoLayoutPractice" */ = {
			isa = XCConfigurationList;
			buildConfigurations = (
				3C09BC0823CEBCE7001C027F /* Debug */,
				3C09BC0923CEBCE7001C027F /* Release */,
			);
			defaultConfigurationIsVisible = 0;
			defaultConfigurationName = Release;
		};
		3C09BC0A23CEBCE7001C027F /* Build configuration list for PBXNativeTarget "AutoLayoutPracticeTests" */ = {
			isa = XCConfigurationList;
			buildConfigurations = (
				3C09BC0B23CEBCE7001C027F /* Debug */,
				3C09BC0C23CEBCE7001C027F /* Release */,
			);
			defaultConfigurationIsVisible = 0;
			defaultConfigurationName = Release;
		};
		3C09BC0D23CEBCE7001C027F /* Build configuration list for PBXNativeTarget "AutoLayoutPracticeUITests" */ = {
			isa = XCConfigurationList;
			buildConfigurations = (
				3C09BC0E23CEBCE7001C027F /* Debug */,
				3C09BC0F23CEBCE7001C027F /* Release */,
			);
			defaultConfigurationIsVisible = 0;
			defaultConfigurationName = Release;
		};
/* End XCConfigurationList section */
	};
	rootObject = 3C09BBD523CEBCE5001C027F /* Project object */;
}
